
Microsoft Visual Studio Solution File, Format Version 12.00
# Visual Studio 14
VisualStudioVersion = 14.0.23107.0
MinimumVisualStudioVersion = 10.0.40219.1
Project("{2150E333-8FDC-42A3-9474-1A3956D46DE8}") = "1 - UI", "1 - UI", "{9F895645-33F8-45CF-80AA-1DD51045CC2A}"
EndProject
Project("{2150E333-8FDC-42A3-9474-1A3956D46DE8}") = "2 - Application", "2 - Application", "{B183D346-6C5C-46DE-B456-41B356DA1100}"
EndProject
Project("{2150E333-8FDC-42A3-9474-1A3956D46DE8}") = "3 - Domain", "3 - Domain", "{2E38E33F-22C6-4748-B651-DAD93E6C8D12}"
EndProject
Project("{2150E333-8FDC-42A3-9474-1A3956D46DE8}") = "4 - Repositories", "4 - Repositories", "{4284598B-949A-42EF-8A09-9EA804152314}"
EndProject
Project("{FAE04EC0-301F-11D3-BF4B-00C04F79EFBC}") = "ModeloIdeal.Domain", "ModeloIdeal.Domain\ModeloIdeal.Domain.csproj", "{D81D4968-6585-477D-A66B-E1ED85899C50}"
EndProject
Project("{FAE04EC0-301F-11D3-BF4B-00C04F79EFBC}") = "ModeloIdeal.Repository", "ModeloIdeal.RepositoryNH\ModeloIdeal.Repository.csproj", "{4F16CC05-DE90-4463-A7DC-EF62087D7541}"
EndProject
Project("{FAE04EC0-301F-11D3-BF4B-00C04F79EFBC}") = "ModeloIdeal.Application", "ModeloIdeal.Application\ModeloIdeal.Application.csproj", "{343225CD-9FEE-4D7E-AABE-5ACAC248DF74}"
EndProject
Project("{FAE04EC0-301F-11D3-BF4B-00C04F79EFBC}") = "ModeloIdelWPF", "ModeloIdelWPF\ModeloIdelWPF.csproj", "{1A52A8C7-1BC0-4F8F-B943-843CB5655399}"
EndProject
Project("{FAE04EC0-301F-11D3-BF4B-00C04F79EFBC}") = "WebApplication1", "WebApplication1\WebApplication1.csproj", "{F4085D65-C4DF-47E6-8FDC-AFA67BCCDAAA}"
EndProject
Project("{FAE04EC0-301F-11D3-BF4B-00C04F79EFBC}") = "ModeloIdeal.RepositoryOracle", "ModeloIdeal.RepositoryOracle\ModeloIdeal.RepositoryOracle.csproj", "{21686234-17FC-4C1C-91B9-DD1A2201F1B6}"
EndProject
Global
	GlobalSection(SolutionConfigurationPlatforms) = preSolution
		Debug|Any CPU = Debug|Any CPU
		Debug|ARM = Debug|ARM
		Debug|x64 = Debug|x64
		Debug|x86 = Debug|x86
		Release|Any CPU = Release|Any CPU
		Release|ARM = Release|ARM
		Release|x64 = Release|x64
		Release|x86 = Release|x86
	EndGlobalSection
	GlobalSection(ProjectConfigurationPlatforms) = postSolution
		{D81D4968-6585-477D-A66B-E1ED85899C50}.Debug|Any CPU.ActiveCfg = Debug|Any CPU
		{D81D4968-6585-477D-A66B-E1ED85899C50}.Debug|Any CPU.Build.0 = Debug|Any CPU
		{D81D4968-6585-477D-A66B-E1ED85899C50}.Debug|ARM.ActiveCfg = Debug|Any CPU
		{D81D4968-6585-477D-A66B-E1ED85899C50}.Debug|ARM.Build.0 = Debug|Any CPU
		{D81D4968-6585-477D-A66B-E1ED85899C50}.Debug|x64.ActiveCfg = Debug|Any CPU
		{D81D4968-6585-477D-A66B-E1ED85899C50}.Debug|x64.Build.0 = Debug|Any CPU
		{D81D4968-6585-477D-A66B-E1ED85899C50}.Debug|x86.ActiveCfg = Debug|Any CPU
		{D81D4968-6585-477D-A66B-E1ED85899C50}.Debug|x86.Build.0 = Debug|Any CPU
		{D81D4968-6585-477D-A66B-E1ED85899C50}.Release|Any CPU.ActiveCfg = Release|Any CPU
		{D81D4968-6585-477D-A66B-E1ED85899C50}.Release|Any CPU.Build.0 = Release|Any CPU
		{D81D4968-6585-477D-A66B-E1ED85899C50}.Release|ARM.ActiveCfg = Release|Any CPU
		{D81D4968-6585-477D-A66B-E1ED85899C50}.Release|ARM.Build.0 = Release|Any CPU
		{D81D4968-6585-477D-A66B-E1ED85899C50}.Release|x64.ActiveCfg = Release|Any CPU
		{D81D4968-6585-477D-A66B-E1ED85899C50}.Release|x64.Build.0 = Release|Any CPU
		{D81D4968-6585-477D-A66B-E1ED85899C50}.Release|x86.ActiveCfg = Release|Any CPU
		{D81D4968-6585-477D-A66B-E1ED85899C50}.Release|x86.Build.0 = Release|Any CPU
		{4F16CC05-DE90-4463-A7DC-EF62087D7541}.Debug|Any CPU.ActiveCfg = Debug|Any CPU
		{4F16CC05-DE90-4463-A7DC-EF62087D7541}.Debug|Any CPU.Build.0 = Debug|Any CPU
		{4F16CC05-DE90-4463-A7DC-EF62087D7541}.Debug|ARM.ActiveCfg = Debug|Any CPU
		{4F16CC05-DE90-4463-A7DC-EF62087D7541}.Debug|ARM.Build.0 = Debug|Any CPU
		{4F16CC05-DE90-4463-A7DC-EF62087D7541}.Debug|x64.ActiveCfg = Debug|Any CPU
		{4F16CC05-DE90-4463-A7DC-EF62087D7541}.Debug|x64.Build.0 = Debug|Any CPU
		{4F16CC05-DE90-4463-A7DC-EF62087D7541}.Debug|x86.ActiveCfg = Debug|Any CPU
		{4F16CC05-DE90-4463-A7DC-EF62087D7541}.Debug|x86.Build.0 = Debug|Any CPU
		{4F16CC05-DE90-4463-A7DC-EF62087D7541}.Release|Any CPU.ActiveCfg = Release|Any CPU
		{4F16CC05-DE90-4463-A7DC-EF62087D7541}.Release|Any CPU.Build.0 = Release|Any CPU
		{4F16CC05-DE90-4463-A7DC-EF62087D7541}.Release|ARM.ActiveCfg = Release|Any CPU
		{4F16CC05-DE90-4463-A7DC-EF62087D7541}.Release|ARM.Build.0 = Release|Any CPU
		{4F16CC05-DE90-4463-A7DC-EF62087D7541}.Release|x64.ActiveCfg = Release|Any CPU
		{4F16CC05-DE90-4463-A7DC-EF62087D7541}.Release|x64.Build.0 = Release|Any CPU
		{4F16CC05-DE90-4463-A7DC-EF62087D7541}.Release|x86.ActiveCfg = Release|Any CPU
		{4F16CC05-DE90-4463-A7DC-EF62087D7541}.Release|x86.Build.0 = Release|Any CPU
		{343225CD-9FEE-4D7E-AABE-5ACAC248DF74}.Debug|Any CPU.ActiveCfg = Debug|Any CPU
		{343225CD-9FEE-4D7E-AABE-5ACAC248DF74}.Debug|Any CPU.Build.0 = Debug|Any CPU
		{343225CD-9FEE-4D7E-AABE-5ACAC248DF74}.Debug|ARM.ActiveCfg = Debug|Any CPU
		{343225CD-9FEE-4D7E-AABE-5ACAC248DF74}.Debug|ARM.Build.0 = Debug|Any CPU
		{343225CD-9FEE-4D7E-AABE-5ACAC248DF74}.Debug|x64.ActiveCfg = Debug|Any CPU
		{343225CD-9FEE-4D7E-AABE-5ACAC248DF74}.Debug|x64.Build.0 = Debug|Any CPU
		{343225CD-9FEE-4D7E-AABE-5ACAC248DF74}.Debug|x86.ActiveCfg = Debug|Any CPU
		{343225CD-9FEE-4D7E-AABE-5ACAC248DF74}.Debug|x86.Build.0 = Debug|Any CPU
		{343225CD-9FEE-4D7E-AABE-5ACAC248DF74}.Release|Any CPU.ActiveCfg = Release|Any CPU
		{343225CD-9FEE-4D7E-AABE-5ACAC248DF74}.Release|Any CPU.Build.0 = Release|Any CPU
		{343225CD-9FEE-4D7E-AABE-5ACAC248DF74}.Release|ARM.ActiveCfg = Release|Any CPU
		{343225CD-9FEE-4D7E-AABE-5ACAC248DF74}.Release|ARM.Build.0 = Release|Any CPU
		{343225CD-9FEE-4D7E-AABE-5ACAC248DF74}.Release|x64.ActiveCfg = Release|Any CPU
		{343225CD-9FEE-4D7E-AABE-5ACAC248DF74}.Release|x64.Build.0 = Release|Any CPU
		{343225CD-9FEE-4D7E-AABE-5ACAC248DF74}.Release|x86.ActiveCfg = Release|Any CPU
		{343225CD-9FEE-4D7E-AABE-5ACAC248DF74}.Release|x86.Build.0 = Release|Any CPU
		{1A52A8C7-1BC0-4F8F-B943-843CB5655399}.Debug|Any CPU.ActiveCfg = Debug|Any CPU
		{1A52A8C7-1BC0-4F8F-B943-843CB5655399}.Debug|Any CPU.Build.0 = Debug|Any CPU
		{1A52A8C7-1BC0-4F8F-B943-843CB5655399}.Debug|ARM.ActiveCfg = Debug|Any CPU
		{1A52A8C7-1BC0-4F8F-B943-843CB5655399}.Debug|ARM.Build.0 = Debug|Any CPU
		{1A52A8C7-1BC0-4F8F-B943-843CB5655399}.Debug|x64.ActiveCfg = Debug|Any CPU
		{1A52A8C7-1BC0-4F8F-B943-843CB5655399}.Debug|x64.Build.0 = Debug|Any CPU
		{1A52A8C7-1BC0-4F8F-B943-843CB5655399}.Debug|x86.ActiveCfg = Debug|Any CPU
		{1A52A8C7-1BC0-4F8F-B943-843CB5655399}.Debug|x86.Build.0 = Debug|Any CPU
		{1A52A8C7-1BC0-4F8F-B943-843CB5655399}.Release|Any CPU.ActiveCfg = Release|Any CPU
		{1A52A8C7-1BC0-4F8F-B943-843CB5655399}.Release|Any CPU.Build.0 = Release|Any CPU
		{1A52A8C7-1BC0-4F8F-B943-843CB5655399}.Release|ARM.ActiveCfg = Release|Any CPU
		{1A52A8C7-1BC0-4F8F-B943-843CB5655399}.Release|ARM.Build.0 = Release|Any CPU
		{1A52A8C7-1BC0-4F8F-B943-843CB5655399}.Release|x64.ActiveCfg = Release|Any CPU
		{1A52A8C7-1BC0-4F8F-B943-843CB5655399}.Release|x64.Build.0 = Release|Any CPU
		{1A52A8C7-1BC0-4F8F-B943-843CB5655399}.Release|x86.ActiveCfg = Release|Any CPU
		{1A52A8C7-1BC0-4F8F-B943-843CB5655399}.Release|x86.Build.0 = Release|Any CPU
		{F4085D65-C4DF-47E6-8FDC-AFA67BCCDAAA}.Debug|Any CPU.ActiveCfg = Debug|Any CPU
		{F4085D65-C4DF-47E6-8FDC-AFA67BCCDAAA}.Debug|Any CPU.Build.0 = Debug|Any CPU
		{F4085D65-C4DF-47E6-8FDC-AFA67BCCDAAA}.Debug|ARM.ActiveCfg = Debug|Any CPU
		{F4085D65-C4DF-47E6-8FDC-AFA67BCCDAAA}.Debug|ARM.Build.0 = Debug|Any CPU
		{F4085D65-C4DF-47E6-8FDC-AFA67BCCDAAA}.Debug|x64.ActiveCfg = Debug|Any CPU
		{F4085D65-C4DF-47E6-8FDC-AFA67BCCDAAA}.Debug|x64.Build.0 = Debug|Any CPU
		{F4085D65-C4DF-47E6-8FDC-AFA67BCCDAAA}.Debug|x86.ActiveCfg = Debug|Any CPU
		{F4085D65-C4DF-47E6-8FDC-AFA67BCCDAAA}.Debug|x86.Build.0 = Debug|Any CPU
		{F4085D65-C4DF-47E6-8FDC-AFA67BCCDAAA}.Release|Any CPU.ActiveCfg = Release|Any CPU
		{F4085D65-C4DF-47E6-8FDC-AFA67BCCDAAA}.Release|Any CPU.Build.0 = Release|Any CPU
		{F4085D65-C4DF-47E6-8FDC-AFA67BCCDAAA}.Release|ARM.ActiveCfg = Release|Any CPU
		{F4085D65-C4DF-47E6-8FDC-AFA67BCCDAAA}.Release|ARM.Build.0 = Release|Any CPU
		{F4085D65-C4DF-47E6-8FDC-AFA67BCCDAAA}.Release|x64.ActiveCfg = Release|Any CPU
		{F4085D65-C4DF-47E6-8FDC-AFA67BCCDAAA}.Release|x64.Build.0 = Release|Any CPU
		{F4085D65-C4DF-47E6-8FDC-AFA67BCCDAAA}.Release|x86.ActiveCfg = Release|Any CPU
		{F4085D65-C4DF-47E6-8FDC-AFA67BCCDAAA}.Release|x86.Build.0 = Release|Any CPU
		{21686234-17FC-4C1C-91B9-DD1A2201F1B6}.Debug|Any CPU.ActiveCfg = Debug|Any CPU
		{21686234-17FC-4C1C-91B9-DD1A2201F1B6}.Debug|Any CPU.Build.0 = Debug|Any CPU
		{21686234-17FC-4C1C-91B9-DD1A2201F1B6}.Debug|ARM.ActiveCfg = Debug|Any CPU
		{21686234-17FC-4C1C-91B9-DD1A2201F1B6}.Debug|ARM.Build.0 = Debug|Any CPU
		{21686234-17FC-4C1C-91B9-DD1A2201F1B6}.Debug|x64.ActiveCfg = Debug|Any CPU
		{21686234-17FC-4C1C-91B9-DD1A2201F1B6}.Debug|x64.Build.0 = Debug|Any CPU
		{21686234-17FC-4C1C-91B9-DD1A2201F1B6}.Debug|x86.ActiveCfg = Debug|Any CPU
		{21686234-17FC-4C1C-91B9-DD1A2201F1B6}.Debug|x86.Build.0 = Debug|Any CPU
		{21686234-17FC-4C1C-91B9-DD1A2201F1B6}.Release|Any CPU.ActiveCfg = Release|Any CPU
		{21686234-17FC-4C1C-91B9-DD1A2201F1B6}.Release|Any CPU.Build.0 = Release|Any CPU
		{21686234-17FC-4C1C-91B9-DD1A2201F1B6}.Release|ARM.ActiveCfg = Release|Any CPU
		{21686234-17FC-4C1C-91B9-DD1A2201F1B6}.Release|ARM.Build.0 = Release|Any CPU
		{21686234-17FC-4C1C-91B9-DD1A2201F1B6}.Release|x64.ActiveCfg = Release|Any CPU
		{21686234-17FC-4C1C-91B9-DD1A2201F1B6}.Release|x64.Build.0 = Release|Any CPU
		{21686234-17FC-4C1C-91B9-DD1A2201F1B6}.Release|x86.ActiveCfg = Release|Any CPU
		{21686234-17FC-4C1C-91B9-DD1A2201F1B6}.Release|x86.Build.0 = Release|Any CPU
	EndGlobalSection
	GlobalSection(SolutionProperties) = preSolution
		HideSolutionNode = FALSE
	EndGlobalSection
	GlobalSection(NestedProjects) = preSolution
		{D81D4968-6585-477D-A66B-E1ED85899C50} = {2E38E33F-22C6-4748-B651-DAD93E6C8D12}
		{4F16CC05-DE90-4463-A7DC-EF62087D7541} = {4284598B-949A-42EF-8A09-9EA804152314}
		{343225CD-9FEE-4D7E-AABE-5ACAC248DF74} = {B183D346-6C5C-46DE-B456-41B356DA1100}
		{1A52A8C7-1BC0-4F8F-B943-843CB5655399} = {9F895645-33F8-45CF-80AA-1DD51045CC2A}
		{F4085D65-C4DF-47E6-8FDC-AFA67BCCDAAA} = {9F895645-33F8-45CF-80AA-1DD51045CC2A}
		{21686234-17FC-4C1C-91B9-DD1A2201F1B6} = {4284598B-949A-42EF-8A09-9EA804152314}
	EndGlobalSection
EndGlobal
